{
  "name": "arme",
  "version": "1.0.0",
  "lockfileVersion": 1,
  "dependencies": {
    "express": {
      "version": "^4.17.1",
      "resolved": "https://registry.npmjs.org/express/-/express-4.17.1.tgz",
      "integrity": "sha512-A8W6chVtfDqJwPcjT5IjwIHmO2Cz15m0DSdHwf0hKT4aK/N+l/JG++XiY2YYrG5DPe5OxANsO2e/LW9bdIZp7g==",
      "dev": true
    },
    "discord.js": {
      "version": "^14.0.0",
      "resolved": "https://registry.npmjs.org/discord.js/-/discord.js-14.0.0.tgz",
      "integrity": "sha512-A8W6chVtfDqJwPcjT5IjwIHmO2Cz15m0DSdHwf0hKT4aK/N+l/JG++XiY2YYrG5DPe5OxANsO2e/LW9bdIZp7g==",
      "dev": true
    }
  }
}